
Microsoft Visual Studio Solution File, Format Version 12.00
# Visual Studio Version 17
VisualStudioVersion = 17.0.31903.59
MinimumVisualStudioVersion = 10.0.40219.1
Project("{2150E333-8FDC-42A3-9474-1A3956D46DE8}") = "src", "src", "{57519D4F-B97A-425B-9507-1DBAAFEDD995}"
EndProject
Project("{2150E333-8FDC-42A3-9474-1A3956D46DE8}") = "CleanArchitecture", "CleanArchitecture", "{74A4030B-76AC-46BE-A5AA-720D62C0D82D}"
EndProject
Project("{FAE04EC0-301F-11D3-BF4B-00C04F79EFBC}") = "CleanArchitecture.Domain", "src\CleanArchitecture\CleanArchitecture.Domain\CleanArchitecture.Domain.csproj", "{589B752D-A81B-4219-9084-D709837ED036}"
EndProject
Project("{FAE04EC0-301F-11D3-BF4B-00C04F79EFBC}") = "CleanArchitecture.Application", "src\CleanArchitecture\CleanArchitecture.Application\CleanArchitecture.Application.csproj", "{CBBFB478-EB22-4C57-B082-7A9993F6A58E}"
EndProject
Project("{FAE04EC0-301F-11D3-BF4B-00C04F79EFBC}") = "CleanArchitecture.Infrastructure", "src\CleanArchitecture\CleanArchitecture.Infrastructure\CleanArchitecture.Infrastructure.csproj", "{3D6B2955-83F6-4070-9867-0DAFCC10B3A2}"
EndProject
Global
	GlobalSection(SolutionConfigurationPlatforms) = preSolution
		Debug|Any CPU = Debug|Any CPU
		Release|Any CPU = Release|Any CPU
	EndGlobalSection
	GlobalSection(SolutionProperties) = preSolution
		HideSolutionNode = FALSE
	EndGlobalSection
	GlobalSection(ProjectConfigurationPlatforms) = postSolution
		{589B752D-A81B-4219-9084-D709837ED036}.Debug|Any CPU.ActiveCfg = Debug|Any CPU
		{589B752D-A81B-4219-9084-D709837ED036}.Debug|Any CPU.Build.0 = Debug|Any CPU
		{589B752D-A81B-4219-9084-D709837ED036}.Release|Any CPU.ActiveCfg = Release|Any CPU
		{589B752D-A81B-4219-9084-D709837ED036}.Release|Any CPU.Build.0 = Release|Any CPU
		{CBBFB478-EB22-4C57-B082-7A9993F6A58E}.Debug|Any CPU.ActiveCfg = Debug|Any CPU
		{CBBFB478-EB22-4C57-B082-7A9993F6A58E}.Debug|Any CPU.Build.0 = Debug|Any CPU
		{CBBFB478-EB22-4C57-B082-7A9993F6A58E}.Release|Any CPU.ActiveCfg = Release|Any CPU
		{CBBFB478-EB22-4C57-B082-7A9993F6A58E}.Release|Any CPU.Build.0 = Release|Any CPU
		{3D6B2955-83F6-4070-9867-0DAFCC10B3A2}.Debug|Any CPU.ActiveCfg = Debug|Any CPU
		{3D6B2955-83F6-4070-9867-0DAFCC10B3A2}.Debug|Any CPU.Build.0 = Debug|Any CPU
		{3D6B2955-83F6-4070-9867-0DAFCC10B3A2}.Release|Any CPU.ActiveCfg = Release|Any CPU
		{3D6B2955-83F6-4070-9867-0DAFCC10B3A2}.Release|Any CPU.Build.0 = Release|Any CPU
	EndGlobalSection
	GlobalSection(NestedProjects) = preSolution
		{74A4030B-76AC-46BE-A5AA-720D62C0D82D} = {57519D4F-B97A-425B-9507-1DBAAFEDD995}
		{589B752D-A81B-4219-9084-D709837ED036} = {74A4030B-76AC-46BE-A5AA-720D62C0D82D}
		{CBBFB478-EB22-4C57-B082-7A9993F6A58E} = {74A4030B-76AC-46BE-A5AA-720D62C0D82D}
		{3D6B2955-83F6-4070-9867-0DAFCC10B3A2} = {74A4030B-76AC-46BE-A5AA-720D62C0D82D}
	EndGlobalSection
EndGlobal
